
Microsoft Visual Studio Solution File, Format Version 12.00
# Visual Studio 15
VisualStudioVersion = 15.0.26124.0
MinimumVisualStudioVersion = 15.0.26124.0
Project("{2150E333-8FDC-42A3-9474-1A3956D46DE8}") = "src", "src", "{A351AFF1-42DA-45C2-B19D-B6BE7481AD61}"
EndProject
Project("{FAE04EC0-301F-11D3-BF4B-00C04F79EFBC}") = "Authio.WebApp", "src\Authio.WebApp\Authio.WebApp.csproj", "{BD8E02D2-3620-4078-9664-C23BC6B9C20C}"
EndProject
Project("{2150E333-8FDC-42A3-9474-1A3956D46DE8}") = "data", "data", "{8C2B0650-60DC-4AC4-9A25-2BF1F7A699D5}"
EndProject
Project("{2150E333-8FDC-42A3-9474-1A3956D46DE8}") = "identity", "identity", "{6AD063E4-97D1-4B71-B670-846AD4CD1AC0}"
EndProject
Project("{2150E333-8FDC-42A3-9474-1A3956D46DE8}") = "entities", "entities", "{EAE4D0B9-C587-49CF-9270-BD997883F6DB}"
EndProject
Project("{FAE04EC0-301F-11D3-BF4B-00C04F79EFBC}") = "Authio.Data.Identity.Entities", "src\data\identity\entities\Authio.Data.Identity.Entities\Authio.Data.Identity.Entities.csproj", "{AECA44F3-01A4-4C2C-84A6-CF455146C499}"
EndProject
Project("{2150E333-8FDC-42A3-9474-1A3956D46DE8}") = "database", "database", "{EE898CA0-E8CE-4F95-A115-D60CD0EB1D02}"
EndProject
Project("{2150E333-8FDC-42A3-9474-1A3956D46DE8}") = "model", "model", "{79D6E658-C952-47F3-B2EB-7DF5AD022744}"
EndProject
Project("{FAE04EC0-301F-11D3-BF4B-00C04F79EFBC}") = "Authio.Data.Identity.DataBase.Model", "src\data\identity\database\model\Authio.Data.Identity.DataBase.Model\Authio.Data.Identity.DataBase.Model.csproj", "{857C592D-08DE-4C9A-844E-AEE068A91D21}"
EndProject
Project("{2150E333-8FDC-42A3-9474-1A3956D46DE8}") = "stores", "stores", "{544C73E4-A12A-4B75-ACA1-F78D40A06FA1}"
EndProject
Project("{FAE04EC0-301F-11D3-BF4B-00C04F79EFBC}") = "Authio.Data.Identity.DataBase.Stores", "src\data\identity\database\stores\Authio.Data.Identity.DataBase.Stores\Authio.Data.Identity.DataBase.Stores.csproj", "{B88F851D-D634-42CF-B259-C55DA4AF8924}"
EndProject
Project("{FAE04EC0-301F-11D3-BF4B-00C04F79EFBC}") = "Authio.Data.Identity.DataBase.EntityFrameworkCore", "src\data\identity\database\Authio.Data.Identity.DataBase.EntityFrameworkCore\Authio.Data.Identity.DataBase.EntityFrameworkCore.csproj", "{983C859F-CE7D-4F01-B412-066EEB44427C}"
EndProject
Project("{FAE04EC0-301F-11D3-BF4B-00C04F79EFBC}") = "Authio.Data.Identity.DataBase.Initializer", "src\data\identity\database\Authio.Data.Identity.DataBase.Initializer\Authio.Data.Identity.DataBase.Initializer.csproj", "{927E5B7A-2A78-4443-9FF2-D598180C3D71}"
EndProject
Project("{2150E333-8FDC-42A3-9474-1A3956D46DE8}") = "services", "services", "{6AB0A43D-2424-4EE7-A15C-DBFFFC2D84CB}"
EndProject
Project("{2150E333-8FDC-42A3-9474-1A3956D46DE8}") = "common", "common", "{01ADDDDC-E7D0-4FF1-8D76-96AC44413F72}"
EndProject
Project("{2150E333-8FDC-42A3-9474-1A3956D46DE8}") = "mail", "mail", "{490DA5AF-13F5-4548-9CF4-D1AAF2947DEC}"
EndProject
Project("{2150E333-8FDC-42A3-9474-1A3956D46DE8}") = "templating", "templating", "{7FB99A46-4D60-4CB6-836C-574220D5C594}"
EndProject
Project("{FAE04EC0-301F-11D3-BF4B-00C04F79EFBC}") = "Authio.Services.Common.Mail.Templating.Interface", "src\services\common\mail\templating\Authio.Services.Common.Mail.Templating.Interface\Authio.Services.Common.Mail.Templating.Interface.csproj", "{181A739C-08D4-4702-B7F3-59DD0E7B15C4}"
EndProject
Project("{FAE04EC0-301F-11D3-BF4B-00C04F79EFBC}") = "Authio.Services.Common.Mail.Templating.Model", "src\services\common\mail\templating\Authio.Services.Common.Mail.Templating.Model\Authio.Services.Common.Mail.Templating.Model.csproj", "{26A11BBB-5202-4422-B706-0B5A7DFC2F34}"
EndProject
Global
	GlobalSection(SolutionConfigurationPlatforms) = preSolution
		Debug|Any CPU = Debug|Any CPU
		Debug|x64 = Debug|x64
		Debug|x86 = Debug|x86
		Release|Any CPU = Release|Any CPU
		Release|x64 = Release|x64
		Release|x86 = Release|x86
	EndGlobalSection
	GlobalSection(SolutionProperties) = preSolution
		HideSolutionNode = FALSE
	EndGlobalSection
	GlobalSection(ProjectConfigurationPlatforms) = postSolution
		{BD8E02D2-3620-4078-9664-C23BC6B9C20C}.Debug|Any CPU.ActiveCfg = Debug|Any CPU
		{BD8E02D2-3620-4078-9664-C23BC6B9C20C}.Debug|Any CPU.Build.0 = Debug|Any CPU
		{BD8E02D2-3620-4078-9664-C23BC6B9C20C}.Debug|x64.ActiveCfg = Debug|Any CPU
		{BD8E02D2-3620-4078-9664-C23BC6B9C20C}.Debug|x64.Build.0 = Debug|Any CPU
		{BD8E02D2-3620-4078-9664-C23BC6B9C20C}.Debug|x86.ActiveCfg = Debug|Any CPU
		{BD8E02D2-3620-4078-9664-C23BC6B9C20C}.Debug|x86.Build.0 = Debug|Any CPU
		{BD8E02D2-3620-4078-9664-C23BC6B9C20C}.Release|Any CPU.ActiveCfg = Release|Any CPU
		{BD8E02D2-3620-4078-9664-C23BC6B9C20C}.Release|Any CPU.Build.0 = Release|Any CPU
		{BD8E02D2-3620-4078-9664-C23BC6B9C20C}.Release|x64.ActiveCfg = Release|Any CPU
		{BD8E02D2-3620-4078-9664-C23BC6B9C20C}.Release|x64.Build.0 = Release|Any CPU
		{BD8E02D2-3620-4078-9664-C23BC6B9C20C}.Release|x86.ActiveCfg = Release|Any CPU
		{BD8E02D2-3620-4078-9664-C23BC6B9C20C}.Release|x86.Build.0 = Release|Any CPU
		{AECA44F3-01A4-4C2C-84A6-CF455146C499}.Debug|Any CPU.ActiveCfg = Debug|Any CPU
		{AECA44F3-01A4-4C2C-84A6-CF455146C499}.Debug|Any CPU.Build.0 = Debug|Any CPU
		{AECA44F3-01A4-4C2C-84A6-CF455146C499}.Debug|x64.ActiveCfg = Debug|Any CPU
		{AECA44F3-01A4-4C2C-84A6-CF455146C499}.Debug|x64.Build.0 = Debug|Any CPU
		{AECA44F3-01A4-4C2C-84A6-CF455146C499}.Debug|x86.ActiveCfg = Debug|Any CPU
		{AECA44F3-01A4-4C2C-84A6-CF455146C499}.Debug|x86.Build.0 = Debug|Any CPU
		{AECA44F3-01A4-4C2C-84A6-CF455146C499}.Release|Any CPU.ActiveCfg = Release|Any CPU
		{AECA44F3-01A4-4C2C-84A6-CF455146C499}.Release|Any CPU.Build.0 = Release|Any CPU
		{AECA44F3-01A4-4C2C-84A6-CF455146C499}.Release|x64.ActiveCfg = Release|Any CPU
		{AECA44F3-01A4-4C2C-84A6-CF455146C499}.Release|x64.Build.0 = Release|Any CPU
		{AECA44F3-01A4-4C2C-84A6-CF455146C499}.Release|x86.ActiveCfg = Release|Any CPU
		{AECA44F3-01A4-4C2C-84A6-CF455146C499}.Release|x86.Build.0 = Release|Any CPU
		{857C592D-08DE-4C9A-844E-AEE068A91D21}.Debug|Any CPU.ActiveCfg = Debug|Any CPU
		{857C592D-08DE-4C9A-844E-AEE068A91D21}.Debug|Any CPU.Build.0 = Debug|Any CPU
		{857C592D-08DE-4C9A-844E-AEE068A91D21}.Debug|x64.ActiveCfg = Debug|Any CPU
		{857C592D-08DE-4C9A-844E-AEE068A91D21}.Debug|x64.Build.0 = Debug|Any CPU
		{857C592D-08DE-4C9A-844E-AEE068A91D21}.Debug|x86.ActiveCfg = Debug|Any CPU
		{857C592D-08DE-4C9A-844E-AEE068A91D21}.Debug|x86.Build.0 = Debug|Any CPU
		{857C592D-08DE-4C9A-844E-AEE068A91D21}.Release|Any CPU.ActiveCfg = Release|Any CPU
		{857C592D-08DE-4C9A-844E-AEE068A91D21}.Release|Any CPU.Build.0 = Release|Any CPU
		{857C592D-08DE-4C9A-844E-AEE068A91D21}.Release|x64.ActiveCfg = Release|Any CPU
		{857C592D-08DE-4C9A-844E-AEE068A91D21}.Release|x64.Build.0 = Release|Any CPU
		{857C592D-08DE-4C9A-844E-AEE068A91D21}.Release|x86.ActiveCfg = Release|Any CPU
		{857C592D-08DE-4C9A-844E-AEE068A91D21}.Release|x86.Build.0 = Release|Any CPU
		{B88F851D-D634-42CF-B259-C55DA4AF8924}.Debug|Any CPU.ActiveCfg = Debug|Any CPU
		{B88F851D-D634-42CF-B259-C55DA4AF8924}.Debug|Any CPU.Build.0 = Debug|Any CPU
		{B88F851D-D634-42CF-B259-C55DA4AF8924}.Debug|x64.ActiveCfg = Debug|Any CPU
		{B88F851D-D634-42CF-B259-C55DA4AF8924}.Debug|x64.Build.0 = Debug|Any CPU
		{B88F851D-D634-42CF-B259-C55DA4AF8924}.Debug|x86.ActiveCfg = Debug|Any CPU
		{B88F851D-D634-42CF-B259-C55DA4AF8924}.Debug|x86.Build.0 = Debug|Any CPU
		{B88F851D-D634-42CF-B259-C55DA4AF8924}.Release|Any CPU.ActiveCfg = Release|Any CPU
		{B88F851D-D634-42CF-B259-C55DA4AF8924}.Release|Any CPU.Build.0 = Release|Any CPU
		{B88F851D-D634-42CF-B259-C55DA4AF8924}.Release|x64.ActiveCfg = Release|Any CPU
		{B88F851D-D634-42CF-B259-C55DA4AF8924}.Release|x64.Build.0 = Release|Any CPU
		{B88F851D-D634-42CF-B259-C55DA4AF8924}.Release|x86.ActiveCfg = Release|Any CPU
		{B88F851D-D634-42CF-B259-C55DA4AF8924}.Release|x86.Build.0 = Release|Any CPU
		{983C859F-CE7D-4F01-B412-066EEB44427C}.Debug|Any CPU.ActiveCfg = Debug|Any CPU
		{983C859F-CE7D-4F01-B412-066EEB44427C}.Debug|Any CPU.Build.0 = Debug|Any CPU
		{983C859F-CE7D-4F01-B412-066EEB44427C}.Debug|x64.ActiveCfg = Debug|Any CPU
		{983C859F-CE7D-4F01-B412-066EEB44427C}.Debug|x64.Build.0 = Debug|Any CPU
		{983C859F-CE7D-4F01-B412-066EEB44427C}.Debug|x86.ActiveCfg = Debug|Any CPU
		{983C859F-CE7D-4F01-B412-066EEB44427C}.Debug|x86.Build.0 = Debug|Any CPU
		{983C859F-CE7D-4F01-B412-066EEB44427C}.Release|Any CPU.ActiveCfg = Release|Any CPU
		{983C859F-CE7D-4F01-B412-066EEB44427C}.Release|Any CPU.Build.0 = Release|Any CPU
		{983C859F-CE7D-4F01-B412-066EEB44427C}.Release|x64.ActiveCfg = Release|Any CPU
		{983C859F-CE7D-4F01-B412-066EEB44427C}.Release|x64.Build.0 = Release|Any CPU
		{983C859F-CE7D-4F01-B412-066EEB44427C}.Release|x86.ActiveCfg = Release|Any CPU
		{983C859F-CE7D-4F01-B412-066EEB44427C}.Release|x86.Build.0 = Release|Any CPU
		{927E5B7A-2A78-4443-9FF2-D598180C3D71}.Debug|Any CPU.ActiveCfg = Debug|Any CPU
		{927E5B7A-2A78-4443-9FF2-D598180C3D71}.Debug|Any CPU.Build.0 = Debug|Any CPU
		{927E5B7A-2A78-4443-9FF2-D598180C3D71}.Debug|x64.ActiveCfg = Debug|Any CPU
		{927E5B7A-2A78-4443-9FF2-D598180C3D71}.Debug|x64.Build.0 = Debug|Any CPU
		{927E5B7A-2A78-4443-9FF2-D598180C3D71}.Debug|x86.ActiveCfg = Debug|Any CPU
		{927E5B7A-2A78-4443-9FF2-D598180C3D71}.Debug|x86.Build.0 = Debug|Any CPU
		{927E5B7A-2A78-4443-9FF2-D598180C3D71}.Release|Any CPU.ActiveCfg = Release|Any CPU
		{927E5B7A-2A78-4443-9FF2-D598180C3D71}.Release|Any CPU.Build.0 = Release|Any CPU
		{927E5B7A-2A78-4443-9FF2-D598180C3D71}.Release|x64.ActiveCfg = Release|Any CPU
		{927E5B7A-2A78-4443-9FF2-D598180C3D71}.Release|x64.Build.0 = Release|Any CPU
		{927E5B7A-2A78-4443-9FF2-D598180C3D71}.Release|x86.ActiveCfg = Release|Any CPU
		{927E5B7A-2A78-4443-9FF2-D598180C3D71}.Release|x86.Build.0 = Release|Any CPU
		{181A739C-08D4-4702-B7F3-59DD0E7B15C4}.Debug|Any CPU.ActiveCfg = Debug|Any CPU
		{181A739C-08D4-4702-B7F3-59DD0E7B15C4}.Debug|Any CPU.Build.0 = Debug|Any CPU
		{181A739C-08D4-4702-B7F3-59DD0E7B15C4}.Debug|x64.ActiveCfg = Debug|Any CPU
		{181A739C-08D4-4702-B7F3-59DD0E7B15C4}.Debug|x64.Build.0 = Debug|Any CPU
		{181A739C-08D4-4702-B7F3-59DD0E7B15C4}.Debug|x86.ActiveCfg = Debug|Any CPU
		{181A739C-08D4-4702-B7F3-59DD0E7B15C4}.Debug|x86.Build.0 = Debug|Any CPU
		{181A739C-08D4-4702-B7F3-59DD0E7B15C4}.Release|Any CPU.ActiveCfg = Release|Any CPU
		{181A739C-08D4-4702-B7F3-59DD0E7B15C4}.Release|Any CPU.Build.0 = Release|Any CPU
		{181A739C-08D4-4702-B7F3-59DD0E7B15C4}.Release|x64.ActiveCfg = Release|Any CPU
		{181A739C-08D4-4702-B7F3-59DD0E7B15C4}.Release|x64.Build.0 = Release|Any CPU
		{181A739C-08D4-4702-B7F3-59DD0E7B15C4}.Release|x86.ActiveCfg = Release|Any CPU
		{181A739C-08D4-4702-B7F3-59DD0E7B15C4}.Release|x86.Build.0 = Release|Any CPU
		{26A11BBB-5202-4422-B706-0B5A7DFC2F34}.Debug|Any CPU.ActiveCfg = Debug|Any CPU
		{26A11BBB-5202-4422-B706-0B5A7DFC2F34}.Debug|Any CPU.Build.0 = Debug|Any CPU
		{26A11BBB-5202-4422-B706-0B5A7DFC2F34}.Debug|x64.ActiveCfg = Debug|Any CPU
		{26A11BBB-5202-4422-B706-0B5A7DFC2F34}.Debug|x64.Build.0 = Debug|Any CPU
		{26A11BBB-5202-4422-B706-0B5A7DFC2F34}.Debug|x86.ActiveCfg = Debug|Any CPU
		{26A11BBB-5202-4422-B706-0B5A7DFC2F34}.Debug|x86.Build.0 = Debug|Any CPU
		{26A11BBB-5202-4422-B706-0B5A7DFC2F34}.Release|Any CPU.ActiveCfg = Release|Any CPU
		{26A11BBB-5202-4422-B706-0B5A7DFC2F34}.Release|Any CPU.Build.0 = Release|Any CPU
		{26A11BBB-5202-4422-B706-0B5A7DFC2F34}.Release|x64.ActiveCfg = Release|Any CPU
		{26A11BBB-5202-4422-B706-0B5A7DFC2F34}.Release|x64.Build.0 = Release|Any CPU
		{26A11BBB-5202-4422-B706-0B5A7DFC2F34}.Release|x86.ActiveCfg = Release|Any CPU
		{26A11BBB-5202-4422-B706-0B5A7DFC2F34}.Release|x86.Build.0 = Release|Any CPU
	EndGlobalSection
	GlobalSection(NestedProjects) = preSolution
		{BD8E02D2-3620-4078-9664-C23BC6B9C20C} = {A351AFF1-42DA-45C2-B19D-B6BE7481AD61}
		{8C2B0650-60DC-4AC4-9A25-2BF1F7A699D5} = {A351AFF1-42DA-45C2-B19D-B6BE7481AD61}
		{6AD063E4-97D1-4B71-B670-846AD4CD1AC0} = {8C2B0650-60DC-4AC4-9A25-2BF1F7A699D5}
		{EAE4D0B9-C587-49CF-9270-BD997883F6DB} = {6AD063E4-97D1-4B71-B670-846AD4CD1AC0}
		{AECA44F3-01A4-4C2C-84A6-CF455146C499} = {EAE4D0B9-C587-49CF-9270-BD997883F6DB}
		{EE898CA0-E8CE-4F95-A115-D60CD0EB1D02} = {6AD063E4-97D1-4B71-B670-846AD4CD1AC0}
		{79D6E658-C952-47F3-B2EB-7DF5AD022744} = {EE898CA0-E8CE-4F95-A115-D60CD0EB1D02}
		{857C592D-08DE-4C9A-844E-AEE068A91D21} = {79D6E658-C952-47F3-B2EB-7DF5AD022744}
		{544C73E4-A12A-4B75-ACA1-F78D40A06FA1} = {EE898CA0-E8CE-4F95-A115-D60CD0EB1D02}
		{B88F851D-D634-42CF-B259-C55DA4AF8924} = {544C73E4-A12A-4B75-ACA1-F78D40A06FA1}
		{983C859F-CE7D-4F01-B412-066EEB44427C} = {EE898CA0-E8CE-4F95-A115-D60CD0EB1D02}
		{927E5B7A-2A78-4443-9FF2-D598180C3D71} = {EE898CA0-E8CE-4F95-A115-D60CD0EB1D02}
		{6AB0A43D-2424-4EE7-A15C-DBFFFC2D84CB} = {A351AFF1-42DA-45C2-B19D-B6BE7481AD61}
		{01ADDDDC-E7D0-4FF1-8D76-96AC44413F72} = {6AB0A43D-2424-4EE7-A15C-DBFFFC2D84CB}
		{490DA5AF-13F5-4548-9CF4-D1AAF2947DEC} = {01ADDDDC-E7D0-4FF1-8D76-96AC44413F72}
		{7FB99A46-4D60-4CB6-836C-574220D5C594} = {490DA5AF-13F5-4548-9CF4-D1AAF2947DEC}
		{181A739C-08D4-4702-B7F3-59DD0E7B15C4} = {7FB99A46-4D60-4CB6-836C-574220D5C594}
		{26A11BBB-5202-4422-B706-0B5A7DFC2F34} = {7FB99A46-4D60-4CB6-836C-574220D5C594}
	EndGlobalSection
EndGlobal
