{
  "name": "@innovabit/authio",
  "version": "0.0.1",
  "lockfileVersion": 1,
  "requires": true,
  "dependencies": {
    "@fortawesome/fontawesome-free": {
      "version": "5.12.0",
      "resolved": "https://npm.fontawesome.com/@fortawesome/fontawesome-free/-/5.12.0/fontawesome-free-5.12.0.tgz",
      "integrity": "sha512-vKDJUuE2GAdBERaQWmmtsciAMzjwNrROXA5KTGSZvayAsmuTGjam5z6QNqNPCwDfVljLWuov1nEC3mEQf/n6fQ=="
    },
    "uikit": {
      "version": "3.2.7",
      "resolved": "https://registry.npmjs.org/uikit/-/uikit-3.2.7.tgz",
      "integrity": "sha512-/EGCJd7qGGwJsidyOxr+13DZwJtmkknbQhc+fk6LHOpNazG3nm0pPw++3/Bx3exL8gbwmFyS9alwLdKmoiourQ=="
    }
  }
}
